
Microsoft Visual Studio Solution File, Format Version 12.00
# Visual Studio Version 16
VisualStudioVersion = 16.0.29123.88
MinimumVisualStudioVersion = 10.0.40219.1
Project("{FAE04EC0-301F-11D3-BF4B-00C04F79EFBC}") = "CharGen", "CharGen\CharGen.csproj", "{D6F632BB-F424-48AB-854B-EA490735D7DF}"
EndProject
Project("{9A19103F-16F7-4668-BE54-9A1E7A4F7556}") = "VentureCore", "VentureCore\VentureCore.csproj", "{C30EF109-10E0-4FD5-93DE-782171F8A43A}"
EndProject
Project("{FAE04EC0-301F-11D3-BF4B-00C04F79EFBC}") = "Expeditions", "Expeditions\Expeditions.csproj", "{3925E4E3-5129-46CC-BB51-A8541E9B5725}"
EndProject
Global
	GlobalSection(SolutionConfigurationPlatforms) = preSolution
		Debug|Any CPU = Debug|Any CPU
		Release|Any CPU = Release|Any CPU
	EndGlobalSection
	GlobalSection(ProjectConfigurationPlatforms) = postSolution
		{D6F632BB-F424-48AB-854B-EA490735D7DF}.Debug|Any CPU.ActiveCfg = Debug|Any CPU
		{D6F632BB-F424-48AB-854B-EA490735D7DF}.Debug|Any CPU.Build.0 = Debug|Any CPU
		{D6F632BB-F424-48AB-854B-EA490735D7DF}.Release|Any CPU.ActiveCfg = Release|Any CPU
		{D6F632BB-F424-48AB-854B-EA490735D7DF}.Release|Any CPU.Build.0 = Release|Any CPU
		{C30EF109-10E0-4FD5-93DE-782171F8A43A}.Debug|Any CPU.ActiveCfg = Debug|Any CPU
		{C30EF109-10E0-4FD5-93DE-782171F8A43A}.Debug|Any CPU.Build.0 = Debug|Any CPU
		{C30EF109-10E0-4FD5-93DE-782171F8A43A}.Release|Any CPU.ActiveCfg = Release|Any CPU
		{C30EF109-10E0-4FD5-93DE-782171F8A43A}.Release|Any CPU.Build.0 = Release|Any CPU
		{3925E4E3-5129-46CC-BB51-A8541E9B5725}.Debug|Any CPU.ActiveCfg = Debug|Any CPU
		{3925E4E3-5129-46CC-BB51-A8541E9B5725}.Debug|Any CPU.Build.0 = Debug|Any CPU
		{3925E4E3-5129-46CC-BB51-A8541E9B5725}.Release|Any CPU.ActiveCfg = Release|Any CPU
		{3925E4E3-5129-46CC-BB51-A8541E9B5725}.Release|Any CPU.Build.0 = Release|Any CPU
	EndGlobalSection
	GlobalSection(SolutionProperties) = preSolution
		HideSolutionNode = FALSE
	EndGlobalSection
	GlobalSection(ExtensibilityGlobals) = postSolution
		SolutionGuid = {BC8C99F0-F6D5-49C9-9A4B-A41B0D2486B4}
	EndGlobalSection
EndGlobal
